
Microsoft Visual Studio Solution File, Format Version 12.00
# Visual Studio Version 17
VisualStudioVersion = 17.1.32210.238
MinimumVisualStudioVersion = 10.0.40219.1
Project("{FAE04EC0-301F-11D3-BF4B-00C04F79EFBC}") = "Problema Menor de Tres em C sharp", "Problema Menor de Tres em C sharp\Problema Menor de Tres em C sharp.csproj", "{CA8EC1F9-2A6A-4665-B607-5052D3BD82BE}"
EndProject
Global
	GlobalSection(SolutionConfigurationPlatforms) = preSolution
		Debug|Any CPU = Debug|Any CPU
		Release|Any CPU = Release|Any CPU
	EndGlobalSection
	GlobalSection(ProjectConfigurationPlatforms) = postSolution
		{CA8EC1F9-2A6A-4665-B607-5052D3BD82BE}.Debug|Any CPU.ActiveCfg = Debug|Any CPU
		{CA8EC1F9-2A6A-4665-B607-5052D3BD82BE}.Debug|Any CPU.Build.0 = Debug|Any CPU
		{CA8EC1F9-2A6A-4665-B607-5052D3BD82BE}.Release|Any CPU.ActiveCfg = Release|Any CPU
		{CA8EC1F9-2A6A-4665-B607-5052D3BD82BE}.Release|Any CPU.Build.0 = Release|Any CPU
	EndGlobalSection
	GlobalSection(SolutionProperties) = preSolution
		HideSolutionNode = FALSE
	EndGlobalSection
	GlobalSection(ExtensibilityGlobals) = postSolution
		SolutionGuid = {7DE93E59-22F6-47D1-A93D-3B9C3E1490E4}
	EndGlobalSection
EndGlobal
